// !$*UTF8*$!
{
	archiveVersion = 1;
	classes = {
	};
	objectVersion = 50;
	objects = {

/* Begin PBXBuildFile section */
		1465EC372500FE6E00B0F96A /* png.png in Resources */ = {isa = PBXBuildFile; fileRef = 1465EC362500FE6E00B0F96A /* png.png */; };
		147E66D324F3C0C4002AEB33 /* AppDelegate.m in Sources */ = {isa = PBXBuildFile; fileRef = 147E66D224F3C0C4002AEB33 /* AppDelegate.m */; };
		147E66D924F3C0C4002AEB33 /* ViewController.m in Sources */ = {isa = PBXBuildFile; fileRef = 147E66D824F3C0C4002AEB33 /* ViewController.m */; };
		147E66DC24F3C0C4002AEB33 /* Main.storyboard in Resources */ = {isa = PBXBuildFile; fileRef = 147E66DA24F3C0C4002AEB33 /* Main.storyboard */; };
		147E66DE24F3C0C8002AEB33 /* Assets.xcassets in Resources */ = {isa = PBXBuildFile; fileRef = 147E66DD24F3C0C8002AEB33 /* Assets.xcassets */; };
		147E66E124F3C0C8002AEB33 /* LaunchScreen.storyboard in Resources */ = {isa = PBXBuildFile; fileRef = 147E66DF24F3C0C8002AEB33 /* LaunchScreen.storyboard */; };
		147E66E424F3C0C8002AEB33 /* main.m in Sources */ = {isa = PBXBuildFile; fileRef = 147E66E324F3C0C8002AEB33 /* main.m */; };
		1482C22E24FF8FD000C973E3 /* Person.m in Sources */ = {isa = PBXBuildFile; fileRef = 1482C22D24FF8FD000C973E3 /* Person.m */; };
		148FF110256F535B00ED2365 /* HDrawViewController.m in Sources */ = {isa = PBXBuildFile; fileRef = 148FF10F256F535B00ED2365 /* HDrawViewController.m */; };
		148FF11D256F53BD00ED2365 /* HSDrawViewMulti.m in Sources */ = {isa = PBXBuildFile; fileRef = 148FF112256F53BD00ED2365 /* HSDrawViewMulti.m */; };
		148FF11E256F53BD00ED2365 /* SignatureViewQuartzQuadratic.m in Sources */ = {isa = PBXBuildFile; fileRef = 148FF114256F53BD00ED2365 /* SignatureViewQuartzQuadratic.m */; };
		148FF11F256F53BD00ED2365 /* HSDrawView.m in Sources */ = {isa = PBXBuildFile; fileRef = 148FF115256F53BD00ED2365 /* HSDrawView.m */; };
		148FF120256F53BD00ED2365 /* HSDrawViewBezier.m in Sources */ = {isa = PBXBuildFile; fileRef = 148FF119256F53BD00ED2365 /* HSDrawViewBezier.m */; };
		148FF121256F53BD00ED2365 /* SignatureViewQuartz.m in Sources */ = {isa = PBXBuildFile; fileRef = 148FF11A256F53BD00ED2365 /* SignatureViewQuartz.m */; };
		149E6BBF2533ECA500350129 /* HHTool.m in Sources */ = {isa = PBXBuildFile; fileRef = 149E6BBE2533ECA500350129 /* HHTool.m */; };
		149E6BC22533ECEF00350129 /* HHView.m in Sources */ = {isa = PBXBuildFile; fileRef = 149E6BC12533ECEF00350129 /* HHView.m */; };
		149E6BCB2533EFFD00350129 /* RankObj.m in Sources */ = {isa = PBXBuildFile; fileRef = 149E6BCA2533EFFD00350129 /* RankObj.m */; };
		14ADC0942570A54C009692E9 /* red_leaf.png in Resources */ = {isa = PBXBuildFile; fileRef = 14ADC0932570A54C009692E9 /* red_leaf.png */; };
		14ADC0982570A568009692E9 /* HLayerViewController.m in Sources */ = {isa = PBXBuildFile; fileRef = 14ADC0972570A568009692E9 /* HLayerViewController.m */; };
		14B090C7256E042800023E43 /* HCodeFuncViewController.m in Sources */ = {isa = PBXBuildFile; fileRef = 14B090C6256E042800023E43 /* HCodeFuncViewController.m */; };
		14D90949256BA308008E6490 /* mayun.mp4 in Resources */ = {isa = PBXBuildFile; fileRef = 14D90946256BA307008E6490 /* mayun.mp4 */; };
		14D9094A256BA308008E6490 /* airplay.png in Resources */ = {isa = PBXBuildFile; fileRef = 14D90947256BA307008E6490 /* airplay.png */; };
		14D9094B256BA308008E6490 /* chrome.mp4 in Resources */ = {isa = PBXBuildFile; fileRef = 14D90948256BA307008E6490 /* chrome.mp4 */; };
		14D90952256BA346008E6490 /* HSLiveSession.m in Sources */ = {isa = PBXBuildFile; fileRef = 14D9094F256BA346008E6490 /* HSLiveSession.m */; };
		14D90953256BA346008E6490 /* HSLiveTool.m in Sources */ = {isa = PBXBuildFile; fileRef = 14D90951256BA346008E6490 /* HSLiveTool.m */; };
		14D90958256BA43A008E6490 /* HHBaseViewController.m in Sources */ = {isa = PBXBuildFile; fileRef = 14D90957256BA43A008E6490 /* HHBaseViewController.m */; };
		14D9095C256BA490008E6490 /* HVideoCaptureViewController.m in Sources */ = {isa = PBXBuildFile; fileRef = 14D9095B256BA490008E6490 /* HVideoCaptureViewController.m */; };
		14D90960256BA55A008E6490 /* HViewViewController.m in Sources */ = {isa = PBXBuildFile; fileRef = 14D9095F256BA55A008E6490 /* HViewViewController.m */; };
		14D90963256BB0F9008E6490 /* DragView.m in Sources */ = {isa = PBXBuildFile; fileRef = 14D90961256BB0F9008E6490 /* DragView.m */; };
		14D90967256BB17C008E6490 /* HSortViewController.m in Sources */ = {isa = PBXBuildFile; fileRef = 14D90966256BB17C008E6490 /* HSortViewController.m */; };
		14D9096B256BBC60008E6490 /* HFileViewController.m in Sources */ = {isa = PBXBuildFile; fileRef = 14D9096A256BBC60008E6490 /* HFileViewController.m */; };
		14D9096E256BBDC3008E6490 /* FileObject.m in Sources */ = {isa = PBXBuildFile; fileRef = 14D9096D256BBDC3008E6490 /* FileObject.m */; };
		14D90972256BC0BF008E6490 /* HCPPViewController.m in Sources */ = {isa = PBXBuildFile; fileRef = 14D90971256BC0BF008E6490 /* HCPPViewController.m */; };
		14D9097A256BC10A008E6490 /* CClient.cpp in Sources */ = {isa = PBXBuildFile; fileRef = 14D90974256BC10A008E6490 /* CClient.cpp */; };
		14D9097B256BC10A008E6490 /* test.cpp in Sources */ = {isa = PBXBuildFile; fileRef = 14D90975256BC10A008E6490 /* test.cpp */; };
		14D9097C256BC10A008E6490 /* CAgent.mm in Sources */ = {isa = PBXBuildFile; fileRef = 14D90977256BC10A008E6490 /* CAgent.mm */; };
/* End PBXBuildFile section */

/* Begin PBXFileReference section */
		1465EC362500FE6E00B0F96A /* png.png */ = {isa = PBXFileReference; lastKnownFileType = image.png; path = png.png; sourceTree = "<group>"; };
		147E66CE24F3C0C4002AEB33 /* TSS.app */ = {isa = PBXFileReference; explicitFileType = wrapper.application; includeInIndex = 0; path = TSS.app; sourceTree = BUILT_PRODUCTS_DIR; };
		147E66D124F3C0C4002AEB33 /* AppDelegate.h */ = {isa = PBXFileReference; lastKnownFileType = sourcecode.c.h; path = AppDelegate.h; sourceTree = "<group>"; };
		147E66D224F3C0C4002AEB33 /* AppDelegate.m */ = {isa = PBXFileReference; lastKnownFileType = sourcecode.c.objc; path = AppDelegate.m; sourceTree = "<group>"; };
		147E66D724F3C0C4002AEB33 /* ViewController.h */ = {isa = PBXFileReference; lastKnownFileType = sourcecode.c.h; path = ViewController.h; sourceTree = "<group>"; };
		147E66D824F3C0C4002AEB33 /* ViewController.m */ = {isa = PBXFileReference; lastKnownFileType = sourcecode.c.objc; path = ViewController.m; sourceTree = "<group>"; };
		147E66DB24F3C0C4002AEB33 /* Base */ = {isa = PBXFileReference; lastKnownFileType = file.storyboard; name = Base; path = Base.lproj/Main.storyboard; sourceTree = "<group>"; };
		147E66DD24F3C0C8002AEB33 /* Assets.xcassets */ = {isa = PBXFileReference; lastKnownFileType = folder.assetcatalog; path = Assets.xcassets; sourceTree = "<group>"; };
		147E66E024F3C0C8002AEB33 /* Base */ = {isa = PBXFileReference; lastKnownFileType = file.storyboard; name = Base; path = Base.lproj/LaunchScreen.storyboard; sourceTree = "<group>"; };
		147E66E224F3C0C8002AEB33 /* Info.plist */ = {isa = PBXFileReference; lastKnownFileType = text.plist.xml; path = Info.plist; sourceTree = "<group>"; };
		147E66E324F3C0C8002AEB33 /* main.m */ = {isa = PBXFileReference; lastKnownFileType = sourcecode.c.objc; path = main.m; sourceTree = "<group>"; };
		1482C22C24FF8FD000C973E3 /* Person.h */ = {isa = PBXFileReference; lastKnownFileType = sourcecode.c.h; path = Person.h; sourceTree = "<group>"; };
		1482C22D24FF8FD000C973E3 /* Person.m */ = {isa = PBXFileReference; lastKnownFileType = sourcecode.c.objc; path = Person.m; sourceTree = "<group>"; };
		148FF10E256F535B00ED2365 /* HDrawViewController.h */ = {isa = PBXFileReference; lastKnownFileType = sourcecode.c.h; path = HDrawViewController.h; sourceTree = "<group>"; };
		148FF10F256F535B00ED2365 /* HDrawViewController.m */ = {isa = PBXFileReference; lastKnownFileType = sourcecode.c.objc; path = HDrawViewController.m; sourceTree = "<group>"; };
		148FF112256F53BD00ED2365 /* HSDrawViewMulti.m */ = {isa = PBXFileReference; fileEncoding = 4; lastKnownFileType = sourcecode.c.objc; path = HSDrawViewMulti.m; sourceTree = "<group>"; };
		148FF113256F53BD00ED2365 /* SignatureViewQuartz.h */ = {isa = PBXFileReference; fileEncoding = 4; lastKnownFileType = sourcecode.c.h; path = SignatureViewQuartz.h; sourceTree = "<group>"; };
		148FF114256F53BD00ED2365 /* SignatureViewQuartzQuadratic.m */ = {isa = PBXFileReference; fileEncoding = 4; lastKnownFileType = sourcecode.c.objc; path = SignatureViewQuartzQuadratic.m; sourceTree = "<group>"; };
		148FF115256F53BD00ED2365 /* HSDrawView.m */ = {isa = PBXFileReference; fileEncoding = 4; lastKnownFileType = sourcecode.c.objc; path = HSDrawView.m; sourceTree = "<group>"; };
		148FF116256F53BD00ED2365 /* HSDrawViewMulti.h */ = {isa = PBXFileReference; fileEncoding = 4; lastKnownFileType = sourcecode.c.h; path = HSDrawViewMulti.h; sourceTree = "<group>"; };
		148FF117256F53BD00ED2365 /* HSDrawView.h */ = {isa = PBXFileReference; fileEncoding = 4; lastKnownFileType = sourcecode.c.h; path = HSDrawView.h; sourceTree = "<group>"; };
		148FF118256F53BD00ED2365 /* HSDrawViewBezier.h */ = {isa = PBXFileReference; fileEncoding = 4; lastKnownFileType = sourcecode.c.h; path = HSDrawViewBezier.h; sourceTree = "<group>"; };
		148FF119256F53BD00ED2365 /* HSDrawViewBezier.m */ = {isa = PBXFileReference; fileEncoding = 4; lastKnownFileType = sourcecode.c.objc; path = HSDrawViewBezier.m; sourceTree = "<group>"; };
		148FF11A256F53BD00ED2365 /* SignatureViewQuartz.m */ = {isa = PBXFileReference; fileEncoding = 4; lastKnownFileType = sourcecode.c.objc; path = SignatureViewQuartz.m; sourceTree = "<group>"; };
		148FF11B256F53BD00ED2365 /* SignatureViewQuartzQuadratic.h */ = {isa = PBXFileReference; fileEncoding = 4; lastKnownFileType = sourcecode.c.h; path = SignatureViewQuartzQuadratic.h; sourceTree = "<group>"; };
		149E6BBD2533ECA500350129 /* HHTool.h */ = {isa = PBXFileReference; lastKnownFileType = sourcecode.c.h; path = HHTool.h; sourceTree = "<group>"; };
		149E6BBE2533ECA500350129 /* HHTool.m */ = {isa = PBXFileReference; lastKnownFileType = sourcecode.c.objc; path = HHTool.m; sourceTree = "<group>"; };
		149E6BC02533ECEF00350129 /* HHView.h */ = {isa = PBXFileReference; lastKnownFileType = sourcecode.c.h; path = HHView.h; sourceTree = "<group>"; };
		149E6BC12533ECEF00350129 /* HHView.m */ = {isa = PBXFileReference; lastKnownFileType = sourcecode.c.objc; path = HHView.m; sourceTree = "<group>"; };
		149E6BC92533EFFD00350129 /* RankObj.h */ = {isa = PBXFileReference; lastKnownFileType = sourcecode.c.h; path = RankObj.h; sourceTree = "<group>"; };
		149E6BCA2533EFFD00350129 /* RankObj.m */ = {isa = PBXFileReference; lastKnownFileType = sourcecode.c.objc; path = RankObj.m; sourceTree = "<group>"; };
		149E6BCC2533F4BD00350129 /* KMacro.h */ = {isa = PBXFileReference; lastKnownFileType = sourcecode.c.h; path = KMacro.h; sourceTree = "<group>"; };
		14ADC0932570A54C009692E9 /* red_leaf.png */ = {isa = PBXFileReference; lastKnownFileType = image.png; path = red_leaf.png; sourceTree = "<group>"; };
		14ADC0962570A568009692E9 /* HLayerViewController.h */ = {isa = PBXFileReference; lastKnownFileType = sourcecode.c.h; path = HLayerViewController.h; sourceTree = "<group>"; };
		14ADC0972570A568009692E9 /* HLayerViewController.m */ = {isa = PBXFileReference; lastKnownFileType = sourcecode.c.objc; path = HLayerViewController.m; sourceTree = "<group>"; };
		14B090C5256E042800023E43 /* HCodeFuncViewController.h */ = {isa = PBXFileReference; lastKnownFileType = sourcecode.c.h; path = HCodeFuncViewController.h; sourceTree = "<group>"; };
		14B090C6256E042800023E43 /* HCodeFuncViewController.m */ = {isa = PBXFileReference; lastKnownFileType = sourcecode.c.objc; path = HCodeFuncViewController.m; sourceTree = "<group>"; };
		14D90946256BA307008E6490 /* mayun.mp4 */ = {isa = PBXFileReference; lastKnownFileType = file; path = mayun.mp4; sourceTree = "<group>"; };
		14D90947256BA307008E6490 /* airplay.png */ = {isa = PBXFileReference; lastKnownFileType = image.png; path = airplay.png; sourceTree = "<group>"; };
		14D90948256BA307008E6490 /* chrome.mp4 */ = {isa = PBXFileReference; lastKnownFileType = file; path = chrome.mp4; sourceTree = "<group>"; };
		14D9094E256BA346008E6490 /* HSLiveTool.h */ = {isa = PBXFileReference; fileEncoding = 4; lastKnownFileType = sourcecode.c.h; path = HSLiveTool.h; sourceTree = "<group>"; };
		14D9094F256BA346008E6490 /* HSLiveSession.m */ = {isa = PBXFileReference; fileEncoding = 4; lastKnownFileType = sourcecode.c.objc; path = HSLiveSession.m; sourceTree = "<group>"; };
		14D90950256BA346008E6490 /* HSLiveSession.h */ = {isa = PBXFileReference; fileEncoding = 4; lastKnownFileType = sourcecode.c.h; path = HSLiveSession.h; sourceTree = "<group>"; };
		14D90951256BA346008E6490 /* HSLiveTool.m */ = {isa = PBXFileReference; fileEncoding = 4; lastKnownFileType = sourcecode.c.objc; path = HSLiveTool.m; sourceTree = "<group>"; };
		14D90956256BA43A008E6490 /* HHBaseViewController.h */ = {isa = PBXFileReference; lastKnownFileType = sourcecode.c.h; path = HHBaseViewController.h; sourceTree = "<group>"; };
		14D90957256BA43A008E6490 /* HHBaseViewController.m */ = {isa = PBXFileReference; lastKnownFileType = sourcecode.c.objc; path = HHBaseViewController.m; sourceTree = "<group>"; };
		14D9095A256BA490008E6490 /* HVideoCaptureViewController.h */ = {isa = PBXFileReference; lastKnownFileType = sourcecode.c.h; path = HVideoCaptureViewController.h; sourceTree = "<group>"; };
		14D9095B256BA490008E6490 /* HVideoCaptureViewController.m */ = {isa = PBXFileReference; lastKnownFileType = sourcecode.c.objc; path = HVideoCaptureViewController.m; sourceTree = "<group>"; };
		14D9095E256BA55A008E6490 /* HViewViewController.h */ = {isa = PBXFileReference; lastKnownFileType = sourcecode.c.h; path = HViewViewController.h; sourceTree = "<group>"; };
		14D9095F256BA55A008E6490 /* HViewViewController.m */ = {isa = PBXFileReference; lastKnownFileType = sourcecode.c.objc; path = HViewViewController.m; sourceTree = "<group>"; };
		14D90961256BB0F9008E6490 /* DragView.m */ = {isa = PBXFileReference; fileEncoding = 4; lastKnownFileType = sourcecode.c.objc; path = DragView.m; sourceTree = "<group>"; };
		14D90962256BB0F9008E6490 /* DragView.h */ = {isa = PBXFileReference; fileEncoding = 4; lastKnownFileType = sourcecode.c.h; path = DragView.h; sourceTree = "<group>"; };
		14D90965256BB17C008E6490 /* HSortViewController.h */ = {isa = PBXFileReference; lastKnownFileType = sourcecode.c.h; path = HSortViewController.h; sourceTree = "<group>"; };
		14D90966256BB17C008E6490 /* HSortViewController.m */ = {isa = PBXFileReference; lastKnownFileType = sourcecode.c.objc; path = HSortViewController.m; sourceTree = "<group>"; };
		14D90969256BBC60008E6490 /* HFileViewController.h */ = {isa = PBXFileReference; lastKnownFileType = sourcecode.c.h; path = HFileViewController.h; sourceTree = "<group>"; };
		14D9096A256BBC60008E6490 /* HFileViewController.m */ = {isa = PBXFileReference; lastKnownFileType = sourcecode.c.objc; path = HFileViewController.m; sourceTree = "<group>"; };
		14D9096C256BBDC3008E6490 /* FileObject.h */ = {isa = PBXFileReference; fileEncoding = 4; lastKnownFileType = sourcecode.c.h; path = FileObject.h; sourceTree = "<group>"; };
		14D9096D256BBDC3008E6490 /* FileObject.m */ = {isa = PBXFileReference; fileEncoding = 4; lastKnownFileType = sourcecode.c.objc; path = FileObject.m; sourceTree = "<group>"; };
		14D90970256BC0BF008E6490 /* HCPPViewController.h */ = {isa = PBXFileReference; lastKnownFileType = sourcecode.c.h; path = HCPPViewController.h; sourceTree = "<group>"; };
		14D90971256BC0BF008E6490 /* HCPPViewController.m */ = {isa = PBXFileReference; lastKnownFileType = sourcecode.c.objc; path = HCPPViewController.m; sourceTree = "<group>"; };
		14D90974256BC10A008E6490 /* CClient.cpp */ = {isa = PBXFileReference; fileEncoding = 4; lastKnownFileType = sourcecode.cpp.cpp; path = CClient.cpp; sourceTree = "<group>"; };
		14D90975256BC10A008E6490 /* test.cpp */ = {isa = PBXFileReference; fileEncoding = 4; lastKnownFileType = sourcecode.cpp.cpp; path = test.cpp; sourceTree = "<group>"; };
		14D90976256BC10A008E6490 /* test.hpp */ = {isa = PBXFileReference; fileEncoding = 4; lastKnownFileType = sourcecode.cpp.h; path = test.hpp; sourceTree = "<group>"; };
		14D90977256BC10A008E6490 /* CAgent.mm */ = {isa = PBXFileReference; fileEncoding = 4; lastKnownFileType = sourcecode.cpp.objcpp; path = CAgent.mm; sourceTree = "<group>"; };
		14D90978256BC10A008E6490 /* CClient.hpp */ = {isa = PBXFileReference; fileEncoding = 4; lastKnownFileType = sourcecode.cpp.h; path = CClient.hpp; sourceTree = "<group>"; };
		14D90979256BC10A008E6490 /* CAgent.h */ = {isa = PBXFileReference; fileEncoding = 4; lastKnownFileType = sourcecode.c.h; path = CAgent.h; sourceTree = "<group>"; };
/* End PBXFileReference section */

/* Begin PBXFrameworksBuildPhase section */
		147E66CB24F3C0C4002AEB33 /* Frameworks */ = {
			isa = PBXFrameworksBuildPhase;
			buildActionMask = 2147483647;
			files = (
			);
			runOnlyForDeploymentPostprocessing = 0;
		};
/* End PBXFrameworksBuildPhase section */

/* Begin PBXGroup section */
		147E66C524F3C0C4002AEB33 = {
			isa = PBXGroup;
			children = (
				147E66D024F3C0C4002AEB33 /* TSS */,
				147E66CF24F3C0C4002AEB33 /* Products */,
			);
			sourceTree = "<group>";
		};
		147E66CF24F3C0C4002AEB33 /* Products */ = {
			isa = PBXGroup;
			children = (
				147E66CE24F3C0C4002AEB33 /* TSS.app */,
			);
			name = Products;
			sourceTree = "<group>";
		};
		147E66D024F3C0C4002AEB33 /* TSS */ = {
			isa = PBXGroup;
			children = (
				14D90954256BA3F5008E6490 /* Controllers */,
				14D90945256BA2E2008E6490 /* Source */,
				149E6BC32533ED8F00350129 /* HHFunction */,
				147E66D124F3C0C4002AEB33 /* AppDelegate.h */,
				147E66D224F3C0C4002AEB33 /* AppDelegate.m */,
				147E66D724F3C0C4002AEB33 /* ViewController.h */,
				147E66D824F3C0C4002AEB33 /* ViewController.m */,
				147E66DA24F3C0C4002AEB33 /* Main.storyboard */,
				147E66DD24F3C0C8002AEB33 /* Assets.xcassets */,
				147E66DF24F3C0C8002AEB33 /* LaunchScreen.storyboard */,
				147E66E224F3C0C8002AEB33 /* Info.plist */,
				147E66E324F3C0C8002AEB33 /* main.m */,
			);
			path = TSS;
			sourceTree = "<group>";
		};
		148FF10D256F534000ED2365 /* 7_drawView */ = {
			isa = PBXGroup;
			children = (
				148FF111256F536E00ED2365 /* DrawView */,
				148FF10E256F535B00ED2365 /* HDrawViewController.h */,
				148FF10F256F535B00ED2365 /* HDrawViewController.m */,
			);
			path = 7_drawView;
			sourceTree = "<group>";
		};
		148FF111256F536E00ED2365 /* DrawView */ = {
			isa = PBXGroup;
			children = (
				148FF117256F53BD00ED2365 /* HSDrawView.h */,
				148FF115256F53BD00ED2365 /* HSDrawView.m */,
				148FF118256F53BD00ED2365 /* HSDrawViewBezier.h */,
				148FF119256F53BD00ED2365 /* HSDrawViewBezier.m */,
				148FF116256F53BD00ED2365 /* HSDrawViewMulti.h */,
				148FF112256F53BD00ED2365 /* HSDrawViewMulti.m */,
				148FF113256F53BD00ED2365 /* SignatureViewQuartz.h */,
				148FF11A256F53BD00ED2365 /* SignatureViewQuartz.m */,
				148FF11B256F53BD00ED2365 /* SignatureViewQuartzQuadratic.h */,
				148FF114256F53BD00ED2365 /* SignatureViewQuartzQuadratic.m */,
			);
			path = DrawView;
			sourceTree = "<group>";
		};
		149E6BB72533EBCC00350129 /* UIView */ = {
			isa = PBXGroup;
			children = (
				14D90962256BB0F9008E6490 /* DragView.h */,
				14D90961256BB0F9008E6490 /* DragView.m */,
				149E6BC02533ECEF00350129 /* HHView.h */,
				149E6BC12533ECEF00350129 /* HHView.m */,
			);
			path = UIView;
			sourceTree = "<group>";
		};
		149E6BC32533ED8F00350129 /* HHFunction */ = {
			isa = PBXGroup;
			children = (
				149E6BBD2533ECA500350129 /* HHTool.h */,
				149E6BBE2533ECA500350129 /* HHTool.m */,
			);
			path = HHFunction;
			sourceTree = "<group>";
		};
		14ADC0952570A555009692E9 /* 8_layerTest */ = {
			isa = PBXGroup;
			children = (
				14ADC0962570A568009692E9 /* HLayerViewController.h */,
				14ADC0972570A568009692E9 /* HLayerViewController.m */,
			);
			path = 8_layerTest;
			sourceTree = "<group>";
		};
		14B090C4256E040D00023E43 /* 6_codeFunction */ = {
			isa = PBXGroup;
			children = (
				1482C22C24FF8FD000C973E3 /* Person.h */,
				1482C22D24FF8FD000C973E3 /* Person.m */,
				14B090C5256E042800023E43 /* HCodeFuncViewController.h */,
				14B090C6256E042800023E43 /* HCodeFuncViewController.m */,
			);
			path = 6_codeFunction;
			sourceTree = "<group>";
		};
		14D90945256BA2E2008E6490 /* Source */ = {
			isa = PBXGroup;
			children = (
				14ADC0932570A54C009692E9 /* red_leaf.png */,
				1465EC362500FE6E00B0F96A /* png.png */,
				149E6BCC2533F4BD00350129 /* KMacro.h */,
				14D90947256BA307008E6490 /* airplay.png */,
				14D90948256BA307008E6490 /* chrome.mp4 */,
				14D90946256BA307008E6490 /* mayun.mp4 */,
			);
			path = Source;
			sourceTree = "<group>";
		};
		14D9094D256BA346008E6490 /* ModuleCapture */ = {
			isa = PBXGroup;
			children = (
				14D9094E256BA346008E6490 /* HSLiveTool.h */,
				14D9094F256BA346008E6490 /* HSLiveSession.m */,
				14D90950256BA346008E6490 /* HSLiveSession.h */,
				14D90951256BA346008E6490 /* HSLiveTool.m */,
			);
			path = ModuleCapture;
			sourceTree = "<group>";
		};
		14D90954256BA3F5008E6490 /* Controllers */ = {
			isa = PBXGroup;
			children = (
				14ADC0952570A555009692E9 /* 8_layerTest */,
				148FF10D256F534000ED2365 /* 7_drawView */,
				14B090C4256E040D00023E43 /* 6_codeFunction */,
				14D9096F256BC0A3008E6490 /* 5_OC_Cpp */,
				14D90968256BBC49008E6490 /* 4_fileHandle */,
				14D90964256BB14F008E6490 /* 3_SortAlga */,
				14D90959256BA442008E6490 /* 2_VideoCapture */,
				14D9095D256BA544008E6490 /* 1_viewTransform */,
				14D90955256BA411008E6490 /* A_BaseController */,
			);
			path = Controllers;
			sourceTree = "<group>";
		};
		14D90955256BA411008E6490 /* A_BaseController */ = {
			isa = PBXGroup;
			children = (
				14D90956256BA43A008E6490 /* HHBaseViewController.h */,
				14D90957256BA43A008E6490 /* HHBaseViewController.m */,
			);
			path = A_BaseController;
			sourceTree = "<group>";
		};
		14D90959256BA442008E6490 /* 2_VideoCapture */ = {
			isa = PBXGroup;
			children = (
				14D9094D256BA346008E6490 /* ModuleCapture */,
				14D9095A256BA490008E6490 /* HVideoCaptureViewController.h */,
				14D9095B256BA490008E6490 /* HVideoCaptureViewController.m */,
			);
			path = 2_VideoCapture;
			sourceTree = "<group>";
		};
		14D9095D256BA544008E6490 /* 1_viewTransform */ = {
			isa = PBXGroup;
			children = (
				149E6BB72533EBCC00350129 /* UIView */,
				14D9095E256BA55A008E6490 /* HViewViewController.h */,
				14D9095F256BA55A008E6490 /* HViewViewController.m */,
			);
			path = 1_viewTransform;
			sourceTree = "<group>";
		};
		14D90964256BB14F008E6490 /* 3_SortAlga */ = {
			isa = PBXGroup;
			children = (
				149E6BC92533EFFD00350129 /* RankObj.h */,
				149E6BCA2533EFFD00350129 /* RankObj.m */,
				14D90965256BB17C008E6490 /* HSortViewController.h */,
				14D90966256BB17C008E6490 /* HSortViewController.m */,
			);
			path = 3_SortAlga;
			sourceTree = "<group>";
		};
		14D90968256BBC49008E6490 /* 4_fileHandle */ = {
			isa = PBXGroup;
			children = (
				14D9096C256BBDC3008E6490 /* FileObject.h */,
				14D9096D256BBDC3008E6490 /* FileObject.m */,
				14D90969256BBC60008E6490 /* HFileViewController.h */,
				14D9096A256BBC60008E6490 /* HFileViewController.m */,
			);
			path = 4_fileHandle;
			sourceTree = "<group>";
		};
		14D9096F256BC0A3008E6490 /* 5_OC_Cpp */ = {
			isa = PBXGroup;
			children = (
				14D90973256BC0C7008E6490 /* CPPFile */,
				14D90970256BC0BF008E6490 /* HCPPViewController.h */,
				14D90971256BC0BF008E6490 /* HCPPViewController.m */,
			);
			path = 5_OC_Cpp;
			sourceTree = "<group>";
		};
		14D90973256BC0C7008E6490 /* CPPFile */ = {
			isa = PBXGroup;
			children = (
				14D90979256BC10A008E6490 /* CAgent.h */,
				14D90977256BC10A008E6490 /* CAgent.mm */,
				14D90974256BC10A008E6490 /* CClient.cpp */,
				14D90978256BC10A008E6490 /* CClient.hpp */,
				14D90975256BC10A008E6490 /* test.cpp */,
				14D90976256BC10A008E6490 /* test.hpp */,
			);
			path = CPPFile;
			sourceTree = "<group>";
		};
/* End PBXGroup section */

/* Begin PBXNativeTarget section */
		147E66CD24F3C0C4002AEB33 /* TSS */ = {
			isa = PBXNativeTarget;
			buildConfigurationList = 147E66E724F3C0C8002AEB33 /* Build configuration list for PBXNativeTarget "TSS" */;
			buildPhases = (
				147E66CA24F3C0C4002AEB33 /* Sources */,
				147E66CB24F3C0C4002AEB33 /* Frameworks */,
				147E66CC24F3C0C4002AEB33 /* Resources */,
			);
			buildRules = (
			);
			dependencies = (
			);
			name = TSS;
			productName = TSS;
			productReference = 147E66CE24F3C0C4002AEB33 /* TSS.app */;
			productType = "com.apple.product-type.application";
		};
/* End PBXNativeTarget section */

/* Begin PBXProject section */
		147E66C624F3C0C4002AEB33 /* Project object */ = {
			isa = PBXProject;
			attributes = {
				LastUpgradeCheck = 1160;
				ORGANIZATIONNAME = Chenfy;
				TargetAttributes = {
					147E66CD24F3C0C4002AEB33 = {
						CreatedOnToolsVersion = 11.6;
					};
				};
			};
			buildConfigurationList = 147E66C924F3C0C4002AEB33 /* Build configuration list for PBXProject "TSS" */;
			compatibilityVersion = "Xcode 9.3";
			developmentRegion = en;
			hasScannedForEncodings = 0;
			knownRegions = (
				en,
				Base,
			);
			mainGroup = 147E66C524F3C0C4002AEB33;
			productRefGroup = 147E66CF24F3C0C4002AEB33 /* Products */;
			projectDirPath = "";
			projectRoot = "";
			targets = (
				147E66CD24F3C0C4002AEB33 /* TSS */,
			);
		};
/* End PBXProject section */

/* Begin PBXResourcesBuildPhase section */
		147E66CC24F3C0C4002AEB33 /* Resources */ = {
			isa = PBXResourcesBuildPhase;
			buildActionMask = 2147483647;
			files = (
				14D9094A256BA308008E6490 /* airplay.png in Resources */,
				14ADC0942570A54C009692E9 /* red_leaf.png in Resources */,
				147E66E124F3C0C8002AEB33 /* LaunchScreen.storyboard in Resources */,
				147E66DE24F3C0C8002AEB33 /* Assets.xcassets in Resources */,
				14D90949256BA308008E6490 /* mayun.mp4 in Resources */,
				14D9094B256BA308008E6490 /* chrome.mp4 in Resources */,
				147E66DC24F3C0C4002AEB33 /* Main.storyboard in Resources */,
				1465EC372500FE6E00B0F96A /* png.png in Resources */,
			);
			runOnlyForDeploymentPostprocessing = 0;
		};
/* End PBXResourcesBuildPhase section */

/* Begin PBXSourcesBuildPhase section */
		147E66CA24F3C0C4002AEB33 /* Sources */ = {
			isa = PBXSourcesBuildPhase;
			buildActionMask = 2147483647;
			files = (
				14B090C7256E042800023E43 /* HCodeFuncViewController.m in Sources */,
				14ADC0982570A568009692E9 /* HLayerViewController.m in Sources */,
				149E6BBF2533ECA500350129 /* HHTool.m in Sources */,
				147E66D924F3C0C4002AEB33 /* ViewController.m in Sources */,
				14D90960256BA55A008E6490 /* HViewViewController.m in Sources */,
				148FF11D256F53BD00ED2365 /* HSDrawViewMulti.m in Sources */,
				14D9096E256BBDC3008E6490 /* FileObject.m in Sources */,
				148FF110256F535B00ED2365 /* HDrawViewController.m in Sources */,
				14D9095C256BA490008E6490 /* HVideoCaptureViewController.m in Sources */,
				147E66D324F3C0C4002AEB33 /* AppDelegate.m in Sources */,
				14D90958256BA43A008E6490 /* HHBaseViewController.m in Sources */,
				14D90967256BB17C008E6490 /* HSortViewController.m in Sources */,
				148FF11E256F53BD00ED2365 /* SignatureViewQuartzQuadratic.m in Sources */,
				148FF121256F53BD00ED2365 /* SignatureViewQuartz.m in Sources */,
				148FF120256F53BD00ED2365 /* HSDrawViewBezier.m in Sources */,
				14D9096B256BBC60008E6490 /* HFileViewController.m in Sources */,
				14D9097C256BC10A008E6490 /* CAgent.mm in Sources */,
				1482C22E24FF8FD000C973E3 /* Person.m in Sources */,
				14D9097A256BC10A008E6490 /* CClient.cpp in Sources */,
				147E66E424F3C0C8002AEB33 /* main.m in Sources */,
				149E6BCB2533EFFD00350129 /* RankObj.m in Sources */,
				14D9097B256BC10A008E6490 /* test.cpp in Sources */,
				14D90953256BA346008E6490 /* HSLiveTool.m in Sources */,
				14D90963256BB0F9008E6490 /* DragView.m in Sources */,
				148FF11F256F53BD00ED2365 /* HSDrawView.m in Sources */,
				14D90952256BA346008E6490 /* HSLiveSession.m in Sources */,
				14D90972256BC0BF008E6490 /* HCPPViewController.m in Sources */,
				149E6BC22533ECEF00350129 /* HHView.m in Sources */,
			);
			runOnlyForDeploymentPostprocessing = 0;
		};
/* End PBXSourcesBuildPhase section */

/* Begin PBXVariantGroup section */
		147E66DA24F3C0C4002AEB33 /* Main.storyboard */ = {
			isa = PBXVariantGroup;
			children = (
				147E66DB24F3C0C4002AEB33 /* Base */,
			);
			name = Main.storyboard;
			sourceTree = "<group>";
		};
		147E66DF24F3C0C8002AEB33 /* LaunchScreen.storyboard */ = {
			isa = PBXVariantGroup;
			children = (
				147E66E024F3C0C8002AEB33 /* Base */,
			);
			name = LaunchScreen.storyboard;
			sourceTree = "<group>";
		};
/* End PBXVariantGroup section */

/* Begin XCBuildConfiguration section */
		147E66E524F3C0C8002AEB33 /* Debug */ = {
			isa = XCBuildConfiguration;
			buildSettings = {
				ALWAYS_SEARCH_USER_PATHS = NO;
				CLANG_ANALYZER_NONNULL = YES;
				CLANG_ANALYZER_NUMBER_OBJECT_CONVERSION = YES_AGGRESSIVE;
				CLANG_CXX_LANGUAGE_STANDARD = "gnu++14";
				CLANG_CXX_LIBRARY = "libc++";
				CLANG_ENABLE_MODULES = YES;
				CLANG_ENABLE_OBJC_ARC = YES;
				CLANG_ENABLE_OBJC_WEAK = YES;
				CLANG_WARN_BLOCK_CAPTURE_AUTORELEASING = YES;
				CLANG_WARN_BOOL_CONVERSION = YES;
				CLANG_WARN_COMMA = YES;
				CLANG_WARN_CONSTANT_CONVERSION = YES;
				CLANG_WARN_DEPRECATED_OBJC_IMPLEMENTATIONS = YES;
				CLANG_WARN_DIRECT_OBJC_ISA_USAGE = YES_ERROR;
				CLANG_WARN_DOCUMENTATION_COMMENTS = YES;
				CLANG_WARN_EMPTY_BODY = YES;
				CLANG_WARN_ENUM_CONVERSION = YES;
				CLANG_WARN_INFINITE_RECURSION = YES;
				CLANG_WARN_INT_CONVERSION = YES;
				CLANG_WARN_NON_LITERAL_NULL_CONVERSION = YES;
				CLANG_WARN_OBJC_IMPLICIT_RETAIN_SELF = YES;
				CLANG_WARN_OBJC_LITERAL_CONVERSION = YES;
				CLANG_WARN_OBJC_ROOT_CLASS = YES_ERROR;
				CLANG_WARN_RANGE_LOOP_ANALYSIS = YES;
				CLANG_WARN_STRICT_PROTOTYPES = YES;
				CLANG_WARN_SUSPICIOUS_MOVE = YES;
				CLANG_WARN_UNGUARDED_AVAILABILITY = YES_AGGRESSIVE;
				CLANG_WARN_UNREACHABLE_CODE = YES;
				CLANG_WARN__DUPLICATE_METHOD_MATCH = YES;
				COPY_PHASE_STRIP = NO;
				DEBUG_INFORMATION_FORMAT = dwarf;
				ENABLE_STRICT_OBJC_MSGSEND = YES;
				ENABLE_TESTABILITY = YES;
				GCC_C_LANGUAGE_STANDARD = gnu11;
				GCC_DYNAMIC_NO_PIC = NO;
				GCC_NO_COMMON_BLOCKS = YES;
				GCC_OPTIMIZATION_LEVEL = 0;
				GCC_PREPROCESSOR_DEFINITIONS = (
					"DEBUG=1",
					"$(inherited)",
				);
				GCC_WARN_64_TO_32_BIT_CONVERSION = YES;
				GCC_WARN_ABOUT_RETURN_TYPE = YES_ERROR;
				GCC_WARN_UNDECLARED_SELECTOR = YES;
				GCC_WARN_UNINITIALIZED_AUTOS = YES_AGGRESSIVE;
				GCC_WARN_UNUSED_FUNCTION = YES;
				GCC_WARN_UNUSED_VARIABLE = YES;
				IPHONEOS_DEPLOYMENT_TARGET = 13.6;
				MTL_ENABLE_DEBUG_INFO = INCLUDE_SOURCE;
				MTL_FAST_MATH = YES;
				ONLY_ACTIVE_ARCH = YES;
				SDKROOT = iphoneos;
			};
			name = Debug;
		};
		147E66E624F3C0C8002AEB33 /* Release */ = {
			isa = XCBuildConfiguration;
			buildSettings = {
				ALWAYS_SEARCH_USER_PATHS = NO;
				CLANG_ANALYZER_NONNULL = YES;
				CLANG_ANALYZER_NUMBER_OBJECT_CONVERSION = YES_AGGRESSIVE;
				CLANG_CXX_LANGUAGE_STANDARD = "gnu++14";
				CLANG_CXX_LIBRARY = "libc++";
				CLANG_ENABLE_MODULES = YES;
				CLANG_ENABLE_OBJC_ARC = YES;
				CLANG_ENABLE_OBJC_WEAK = YES;
				CLANG_WARN_BLOCK_CAPTURE_AUTORELEASING = YES;
				CLANG_WARN_BOOL_CONVERSION = YES;
				CLANG_WARN_COMMA = YES;
				CLANG_WARN_CONSTANT_CONVERSION = YES;
				CLANG_WARN_DEPRECATED_OBJC_IMPLEMENTATIONS = YES;
				CLANG_WARN_DIRECT_OBJC_ISA_USAGE = YES_ERROR;
				CLANG_WARN_DOCUMENTATION_COMMENTS = YES;
				CLANG_WARN_EMPTY_BODY = YES;
				CLANG_WARN_ENUM_CONVERSION = YES;
				CLANG_WARN_INFINITE_RECURSION = YES;
				CLANG_WARN_INT_CONVERSION = YES;
				CLANG_WARN_NON_LITERAL_NULL_CONVERSION = YES;
				CLANG_WARN_OBJC_IMPLICIT_RETAIN_SELF = YES;
				CLANG_WARN_OBJC_LITERAL_CONVERSION = YES;
				CLANG_WARN_OBJC_ROOT_CLASS = YES_ERROR;
				CLANG_WARN_RANGE_LOOP_ANALYSIS = YES;
				CLANG_WARN_STRICT_PROTOTYPES = YES;
				CLANG_WARN_SUSPICIOUS_MOVE = YES;
				CLANG_WARN_UNGUARDED_AVAILABILITY = YES_AGGRESSIVE;
				CLANG_WARN_UNREACHABLE_CODE = YES;
				CLANG_WARN__DUPLICATE_METHOD_MATCH = YES;
				COPY_PHASE_STRIP = NO;
				DEBUG_INFORMATION_FORMAT = "dwarf-with-dsym";
				ENABLE_NS_ASSERTIONS = NO;
				ENABLE_STRICT_OBJC_MSGSEND = YES;
				GCC_C_LANGUAGE_STANDARD = gnu11;
				GCC_NO_COMMON_BLOCKS = YES;
				GCC_WARN_64_TO_32_BIT_CONVERSION = YES;
				GCC_WARN_ABOUT_RETURN_TYPE = YES_ERROR;
				GCC_WARN_UNDECLARED_SELECTOR = YES;
				GCC_WARN_UNINITIALIZED_AUTOS = YES_AGGRESSIVE;
				GCC_WARN_UNUSED_FUNCTION = YES;
				GCC_WARN_UNUSED_VARIABLE = YES;
				IPHONEOS_DEPLOYMENT_TARGET = 13.6;
				MTL_ENABLE_DEBUG_INFO = NO;
				MTL_FAST_MATH = YES;
				SDKROOT = iphoneos;
				VALIDATE_PRODUCT = YES;
			};
			name = Release;
		};
		147E66E824F3C0C8002AEB33 /* Debug */ = {
			isa = XCBuildConfiguration;
			buildSettings = {
				ASSETCATALOG_COMPILER_APPICON_NAME = AppIcon;
				CODE_SIGN_STYLE = Automatic;
				DEVELOPMENT_TEAM = 39TBB43S2R;
				INFOPLIST_FILE = TSS/Info.plist;
				IPHONEOS_DEPLOYMENT_TARGET = 9.0;
				LD_RUNPATH_SEARCH_PATHS = (
					"$(inherited)",
					"@executable_path/Frameworks",
				);
				PRODUCT_BUNDLE_IDENTIFIER = com.class.room;
				PRODUCT_NAME = "$(TARGET_NAME)";
				TARGETED_DEVICE_FAMILY = "1,2";
			};
			name = Debug;
		};
		147E66E924F3C0C8002AEB33 /* Release */ = {
			isa = XCBuildConfiguration;
			buildSettings = {
				ASSETCATALOG_COMPILER_APPICON_NAME = AppIcon;
				CODE_SIGN_STYLE = Automatic;
				DEVELOPMENT_TEAM = 39TBB43S2R;
				INFOPLIST_FILE = TSS/Info.plist;
				IPHONEOS_DEPLOYMENT_TARGET = 9.0;
				LD_RUNPATH_SEARCH_PATHS = (
					"$(inherited)",
					"@executable_path/Frameworks",
				);
				PRODUCT_BUNDLE_IDENTIFIER = com.class.room;
				PRODUCT_NAME = "$(TARGET_NAME)";
				TARGETED_DEVICE_FAMILY = "1,2";
			};
			name = Release;
		};
/* End XCBuildConfiguration section */

/* Begin XCConfigurationList section */
		147E66C924F3C0C4002AEB33 /* Build configuration list for PBXProject "TSS" */ = {
			isa = XCConfigurationList;
			buildConfigurations = (
				147E66E524F3C0C8002AEB33 /* Debug */,
				147E66E624F3C0C8002AEB33 /* Release */,
			);
			defaultConfigurationIsVisible = 0;
			defaultConfigurationName = Release;
		};
		147E66E724F3C0C8002AEB33 /* Build configuration list for PBXNativeTarget "TSS" */ = {
			isa = XCConfigurationList;
			buildConfigurations = (
				147E66E824F3C0C8002AEB33 /* Debug */,
				147E66E924F3C0C8002AEB33 /* Release */,
			);
			defaultConfigurationIsVisible = 0;
			defaultConfigurationName = Release;
		};
/* End XCConfigurationList section */
	};
	rootObject = 147E66C624F3C0C4002AEB33 /* Project object */;
}
